
Microsoft Visual Studio Solution File, Format Version 12.00
# Visual Studio Version 17
VisualStudioVersion = 17.3.32901.215
MinimumVisualStudioVersion = 10.0.40219.1
Project("{8BC9CEB8-8B4A-11D0-8D11-00A0C91BC942}") = "UniversalBinaryPatcher", "UniversalBinaryPatcher\UniversalBinaryPatcher.vcxproj", "{CF5F7A1C-36E6-487E-8341-0650E06523FD}"
EndProject
Global
	GlobalSection(SolutionConfigurationPlatforms) = preSolution
		Debug|x64 = Debug|x64
		Debug|x86 = Debug|x86
		Release|x64 = Release|x64
		Release|x86 = Release|x86
	EndGlobalSection
	GlobalSection(ProjectConfigurationPlatforms) = postSolution
		{CF5F7A1C-36E6-487E-8341-0650E06523FD}.Debug|x64.ActiveCfg = Debug|x64
		{CF5F7A1C-36E6-487E-8341-0650E06523FD}.Debug|x64.Build.0 = Debug|x64
		{CF5F7A1C-36E6-487E-8341-0650E06523FD}.Debug|x86.ActiveCfg = Debug|Win32
		{CF5F7A1C-36E6-487E-8341-0650E06523FD}.Debug|x86.Build.0 = Debug|Win32
		{CF5F7A1C-36E6-487E-8341-0650E06523FD}.Release|x64.ActiveCfg = Release|x64
		{CF5F7A1C-36E6-487E-8341-0650E06523FD}.Release|x64.Build.0 = Release|x64
		{CF5F7A1C-36E6-487E-8341-0650E06523FD}.Release|x86.ActiveCfg = Release|Win32
		{CF5F7A1C-36E6-487E-8341-0650E06523FD}.Release|x86.Build.0 = Release|Win32
	EndGlobalSection
	GlobalSection(SolutionProperties) = preSolution
		HideSolutionNode = FALSE
	EndGlobalSection
	GlobalSection(ExtensibilityGlobals) = postSolution
		SolutionGuid = {B7A0841A-39BC-4018-A075-612D1FCEFFCE}
	EndGlobalSection
EndGlobal
